
Microsoft Visual Studio Solution File, Format Version 12.00
# Visual Studio Version 16
VisualStudioVersion = 16.0.31702.278
MinimumVisualStudioVersion = 10.0.40219.1
Project("{FAE04EC0-301F-11D3-BF4B-00C04F79EFBC}") = "csharp_6_DUR", "csharp_6_DUR\csharp_6_DUR.csproj", "{C8B8BB7C-F72C-4276-B569-C66A2DEE8559}"
EndProject
Project("{FAE04EC0-301F-11D3-BF4B-00C04F79EFBC}") = "csharp_6_lib", "csharp_6_lib\csharp_6_lib.csproj", "{94719F9B-AF5C-48EC-B96A-205C8D0BFE74}"
EndProject
Global
	GlobalSection(SolutionConfigurationPlatforms) = preSolution
		Debug|Any CPU = Debug|Any CPU
		Release|Any CPU = Release|Any CPU
	EndGlobalSection
	GlobalSection(ProjectConfigurationPlatforms) = postSolution
		{C8B8BB7C-F72C-4276-B569-C66A2DEE8559}.Debug|Any CPU.ActiveCfg = Debug|Any CPU
		{C8B8BB7C-F72C-4276-B569-C66A2DEE8559}.Debug|Any CPU.Build.0 = Debug|Any CPU
		{C8B8BB7C-F72C-4276-B569-C66A2DEE8559}.Release|Any CPU.ActiveCfg = Release|Any CPU
		{C8B8BB7C-F72C-4276-B569-C66A2DEE8559}.Release|Any CPU.Build.0 = Release|Any CPU
		{94719F9B-AF5C-48EC-B96A-205C8D0BFE74}.Debug|Any CPU.ActiveCfg = Debug|Any CPU
		{94719F9B-AF5C-48EC-B96A-205C8D0BFE74}.Debug|Any CPU.Build.0 = Debug|Any CPU
		{94719F9B-AF5C-48EC-B96A-205C8D0BFE74}.Release|Any CPU.ActiveCfg = Release|Any CPU
		{94719F9B-AF5C-48EC-B96A-205C8D0BFE74}.Release|Any CPU.Build.0 = Release|Any CPU
	EndGlobalSection
	GlobalSection(SolutionProperties) = preSolution
		HideSolutionNode = FALSE
	EndGlobalSection
	GlobalSection(ExtensibilityGlobals) = postSolution
		SolutionGuid = {CFCA10B9-3F89-462B-A0E0-7A0667D7632D}
	EndGlobalSection
EndGlobal
